
Microsoft Visual Studio Solution File, Format Version 12.00
# Visual Studio Version 16
VisualStudioVersion = 16.0.30717.126
MinimumVisualStudioVersion = 10.0.40219.1
Project("{FAE04EC0-301F-11D3-BF4B-00C04F79EFBC}") = "CRUD.NET_MySQL", "CRUD.NET_MySQL.csproj", "{A3A88142-CA18-4E20-9C90-44E67ADC1521}"
EndProject
Global
	GlobalSection(SolutionConfigurationPlatforms) = preSolution
		Debug|Any CPU = Debug|Any CPU
		Release|Any CPU = Release|Any CPU
	EndGlobalSection
	GlobalSection(ProjectConfigurationPlatforms) = postSolution
		{A3A88142-CA18-4E20-9C90-44E67ADC1521}.Debug|Any CPU.ActiveCfg = Debug|Any CPU
		{A3A88142-CA18-4E20-9C90-44E67ADC1521}.Debug|Any CPU.Build.0 = Debug|Any CPU
		{A3A88142-CA18-4E20-9C90-44E67ADC1521}.Release|Any CPU.ActiveCfg = Release|Any CPU
		{A3A88142-CA18-4E20-9C90-44E67ADC1521}.Release|Any CPU.Build.0 = Release|Any CPU
	EndGlobalSection
	GlobalSection(SolutionProperties) = preSolution
		HideSolutionNode = FALSE
	EndGlobalSection
	GlobalSection(ExtensibilityGlobals) = postSolution
		SolutionGuid = {1FD339CB-8AC5-4F22-A25E-F3261F5D47EE}
	EndGlobalSection
EndGlobal
